
Microsoft Visual Studio Solution File, Format Version 12.00
# Visual Studio Version 17
VisualStudioVersion = 17.11.35219.272
MinimumVisualStudioVersion = 10.0.40219.1
Project("{9A19103F-16F7-4668-BE54-9A1E7A4F7556}") = "AlgorithmHelper", "CommonHelper\AlgorithmHelper.csproj", "{543AC887-2843-4CB3-9276-3AAE4B876F84}"
EndProject
Project("{9A19103F-16F7-4668-BE54-9A1E7A4F7556}") = "AlgorithmHelper.Test", "AlgorithmHelper.Test\AlgorithmHelper.Test.csproj", "{AAB5A56F-6BD8-4CE5-AC40-4325BC7361A4}"
EndProject
Project("{9A19103F-16F7-4668-BE54-9A1E7A4F7556}") = "WebHelper", "WebHelper\WebHelper.csproj", "{AD00E13D-C8C8-4000-A740-96050BA890D2}"
EndProject
Project("{FAE04EC0-301F-11D3-BF4B-00C04F79EFBC}") = "ExcelHelper", "ExcelHelper\ExcelHelper.csproj", "{921D5B34-40C3-4F85-9610-811321B6B404}"
EndProject
Project("{FAE04EC0-301F-11D3-BF4B-00C04F79EFBC}") = "ExcelHelper.Test", "ExcelHelper.Test\ExcelHelper.Test.csproj", "{95D2DEB0-EC07-4D20-A81E-EFE14FD3F9B0}"
EndProject
Global
	GlobalSection(SolutionConfigurationPlatforms) = preSolution
		Debug|Any CPU = Debug|Any CPU
		Release|Any CPU = Release|Any CPU
	EndGlobalSection
	GlobalSection(ProjectConfigurationPlatforms) = postSolution
		{543AC887-2843-4CB3-9276-3AAE4B876F84}.Debug|Any CPU.ActiveCfg = Debug|Any CPU
		{543AC887-2843-4CB3-9276-3AAE4B876F84}.Debug|Any CPU.Build.0 = Debug|Any CPU
		{543AC887-2843-4CB3-9276-3AAE4B876F84}.Release|Any CPU.ActiveCfg = Release|Any CPU
		{543AC887-2843-4CB3-9276-3AAE4B876F84}.Release|Any CPU.Build.0 = Release|Any CPU
		{AAB5A56F-6BD8-4CE5-AC40-4325BC7361A4}.Debug|Any CPU.ActiveCfg = Debug|Any CPU
		{AAB5A56F-6BD8-4CE5-AC40-4325BC7361A4}.Debug|Any CPU.Build.0 = Debug|Any CPU
		{AAB5A56F-6BD8-4CE5-AC40-4325BC7361A4}.Release|Any CPU.ActiveCfg = Release|Any CPU
		{AAB5A56F-6BD8-4CE5-AC40-4325BC7361A4}.Release|Any CPU.Build.0 = Release|Any CPU
		{AD00E13D-C8C8-4000-A740-96050BA890D2}.Debug|Any CPU.ActiveCfg = Debug|Any CPU
		{AD00E13D-C8C8-4000-A740-96050BA890D2}.Debug|Any CPU.Build.0 = Debug|Any CPU
		{AD00E13D-C8C8-4000-A740-96050BA890D2}.Release|Any CPU.ActiveCfg = Release|Any CPU
		{AD00E13D-C8C8-4000-A740-96050BA890D2}.Release|Any CPU.Build.0 = Release|Any CPU
		{921D5B34-40C3-4F85-9610-811321B6B404}.Debug|Any CPU.ActiveCfg = Debug|Any CPU
		{921D5B34-40C3-4F85-9610-811321B6B404}.Debug|Any CPU.Build.0 = Debug|Any CPU
		{921D5B34-40C3-4F85-9610-811321B6B404}.Release|Any CPU.ActiveCfg = Release|Any CPU
		{921D5B34-40C3-4F85-9610-811321B6B404}.Release|Any CPU.Build.0 = Release|Any CPU
		{95D2DEB0-EC07-4D20-A81E-EFE14FD3F9B0}.Debug|Any CPU.ActiveCfg = Debug|Any CPU
		{95D2DEB0-EC07-4D20-A81E-EFE14FD3F9B0}.Debug|Any CPU.Build.0 = Debug|Any CPU
		{95D2DEB0-EC07-4D20-A81E-EFE14FD3F9B0}.Release|Any CPU.ActiveCfg = Release|Any CPU
		{95D2DEB0-EC07-4D20-A81E-EFE14FD3F9B0}.Release|Any CPU.Build.0 = Release|Any CPU
	EndGlobalSection
	GlobalSection(SolutionProperties) = preSolution
		HideSolutionNode = FALSE
	EndGlobalSection
	GlobalSection(ExtensibilityGlobals) = postSolution
		SolutionGuid = {305B5E08-5437-4BC3-884A-80584D592241}
	EndGlobalSection
EndGlobal
